
Microsoft Visual Studio Solution File, Format Version 12.00
Project("{FAE04EC0-301F-11D3-BF4B-00C04F79EFBC}") = "Polus", "Polus\Polus.csproj", "{22F88CA4-9316-4E27-A28E-99E78EF6D1D1}"
EndProject
Project("{FAE04EC0-301F-11D3-BF4B-00C04F79EFBC}") = "PolusggSlim", "PolusggSlim\PolusggSlim.csproj", "{31BDE005-C467-475C-9750-7949DAB8AD8A}"
EndProject
Global
	GlobalSection(SolutionConfigurationPlatforms) = preSolution
		Debug|Any CPU = Debug|Any CPU
		Release|Any CPU = Release|Any CPU
	EndGlobalSection
	GlobalSection(ProjectConfigurationPlatforms) = postSolution
		{22F88CA4-9316-4E27-A28E-99E78EF6D1D1}.Debug|Any CPU.ActiveCfg = Debug|Any CPU
		{22F88CA4-9316-4E27-A28E-99E78EF6D1D1}.Release|Any CPU.ActiveCfg = Release|Any CPU
		{22F88CA4-9316-4E27-A28E-99E78EF6D1D1}.Debug|Any CPU.Build.0 = Debug|Any CPU
		{22F88CA4-9316-4E27-A28E-99E78EF6D1D1}.Release|Any CPU.Build.0 = Release|Any CPU
		{31BDE005-C467-475C-9750-7949DAB8AD8A}.Debug|Any CPU.ActiveCfg = Debug|Any CPU
		{31BDE005-C467-475C-9750-7949DAB8AD8A}.Release|Any CPU.ActiveCfg = Release|Any CPU
		{31BDE005-C467-475C-9750-7949DAB8AD8A}.Release|Any CPU.Build.0 = Release|Any CPU
		{31BDE005-C467-475C-9750-7949DAB8AD8A}.Debug|Any CPU.Build.0 = Debug|Any CPU
	EndGlobalSection
EndGlobal
