
Microsoft Visual Studio Solution File, Format Version 12.00
Project("{FAE04EC0-301F-11D3-BF4B-00C04F79EFBC}") = "Polus", "Polus\Polus.csproj", "{22F88CA4-9316-4E27-A28E-99E78EF6D1D1}"
EndProject
Project("{FAE04EC0-301F-11D3-BF4B-00C04F79EFBC}") = "PolusggSlim", "PolusggSlim\PolusggSlim.csproj", "{31BDE005-C467-475C-9750-7949DAB8AD8A}"
EndProject
Project("{2150E333-8FDC-42A3-9474-1A3956D46DE8}") = "External Files", "External Files", "{2E7FB4FE-55F9-492F-9F89-C5D33B532C20}"
ProjectSection(SolutionItems) = preProject
	ReactorBuildConfig.props = ReactorBuildConfig.props
	AmongUsPath.props = AmongUsPath.props
	dream.md = dream.md
EndProjectSection
EndProject
Global
	GlobalSection(SolutionConfigurationPlatforms) = preSolution
		Release|Desktop = Release|Desktop
		Release|Android = Release|Android
		Debug|Desktop = Debug|Desktop
		Debug|Android = Debug|Android
	EndGlobalSection
	GlobalSection(ProjectConfigurationPlatforms) = postSolution
		{22F88CA4-9316-4E27-A28E-99E78EF6D1D1}.Release|Desktop.ActiveCfg = Release|Desktop
		{22F88CA4-9316-4E27-A28E-99E78EF6D1D1}.Release|Desktop.Build.0 = Release|Desktop
		{22F88CA4-9316-4E27-A28E-99E78EF6D1D1}.Release|Android.ActiveCfg = Release|Android
		{22F88CA4-9316-4E27-A28E-99E78EF6D1D1}.Release|Android.Build.0 = Release|Android
		{22F88CA4-9316-4E27-A28E-99E78EF6D1D1}.Debug|Desktop.ActiveCfg = Debug|Desktop
		{22F88CA4-9316-4E27-A28E-99E78EF6D1D1}.Debug|Desktop.Build.0 = Debug|Desktop
		{22F88CA4-9316-4E27-A28E-99E78EF6D1D1}.Debug|Android.ActiveCfg = Debug|Android
		{22F88CA4-9316-4E27-A28E-99E78EF6D1D1}.Debug|Android.Build.0 = Debug|Android
		{31BDE005-C467-475C-9750-7949DAB8AD8A}.Release|Desktop.ActiveCfg = Release|Desktop
		{31BDE005-C467-475C-9750-7949DAB8AD8A}.Release|Desktop.Build.0 = Release|Desktop
		{31BDE005-C467-475C-9750-7949DAB8AD8A}.Release|Android.ActiveCfg = Release|Android
		{31BDE005-C467-475C-9750-7949DAB8AD8A}.Release|Android.Build.0 = Release|Android
		{31BDE005-C467-475C-9750-7949DAB8AD8A}.Debug|Desktop.ActiveCfg = Debug|Desktop
		{31BDE005-C467-475C-9750-7949DAB8AD8A}.Debug|Desktop.Build.0 = Debug|Desktop
		{31BDE005-C467-475C-9750-7949DAB8AD8A}.Debug|Android.ActiveCfg = Debug|Android
		{31BDE005-C467-475C-9750-7949DAB8AD8A}.Debug|Android.Build.0 = Debug|Android
	EndGlobalSection
EndGlobal
